
Microsoft Visual Studio Solution File, Format Version 11.00
# Visual Studio 2010
Project("{FAE04EC0-301F-11D3-BF4B-00C04F79EFBC}") = "SportyGeek.Domain", "SportyGeek.Domain\SportyGeek.Domain.csproj", "{9FEABA4D-5128-464A-A384-54632D57E6F1}"
EndProject
Project("{FAE04EC0-301F-11D3-BF4B-00C04F79EFBC}") = "SportyGeek.WebUI", "SportyGeek.WebUI\SportyGeek.WebUI.csproj", "{70CC6742-2C71-489C-809B-E53498093A54}"
EndProject
Project("{FAE04EC0-301F-11D3-BF4B-00C04F79EFBC}") = "SportyGeek.Tests", "SportyGeek.Tests\SportyGeek.Tests.csproj", "{D19A448C-8B9B-446A-B88A-75B6B829FEB8}"
EndProject
Project("{2150E333-8FDC-42A3-9474-1A3956D46DE8}") = "Solution Items", "Solution Items", "{CC2AED7E-21BD-4823-BF52-3885E6D25053}"
	ProjectSection(SolutionItems) = preProject
		Local.testsettings = Local.testsettings
		SportyGeek.vsmdi = SportyGeek.vsmdi
		TraceAndTestImpact.testsettings = TraceAndTestImpact.testsettings
	EndProjectSection
EndProject
Project("{FAE04EC0-301F-11D3-BF4B-00C04F79EFBC}") = "SixBit.Web.CsJs", "CsJsViewEngine\SixBit.Web.CsJs.csproj", "{50CC470D-5509-4E10-9C74-E365C88E7383}"
EndProject
Global
	GlobalSection(TestCaseManagementSettings) = postSolution
		CategoryFile = SportyGeek.vsmdi
	EndGlobalSection
	GlobalSection(SolutionConfigurationPlatforms) = preSolution
		Debug|Any CPU = Debug|Any CPU
		Release|Any CPU = Release|Any CPU
	EndGlobalSection
	GlobalSection(ProjectConfigurationPlatforms) = postSolution
		{9FEABA4D-5128-464A-A384-54632D57E6F1}.Debug|Any CPU.ActiveCfg = Debug|Any CPU
		{9FEABA4D-5128-464A-A384-54632D57E6F1}.Debug|Any CPU.Build.0 = Debug|Any CPU
		{9FEABA4D-5128-464A-A384-54632D57E6F1}.Release|Any CPU.ActiveCfg = Release|Any CPU
		{9FEABA4D-5128-464A-A384-54632D57E6F1}.Release|Any CPU.Build.0 = Release|Any CPU
		{70CC6742-2C71-489C-809B-E53498093A54}.Debug|Any CPU.ActiveCfg = Debug|Any CPU
		{70CC6742-2C71-489C-809B-E53498093A54}.Debug|Any CPU.Build.0 = Debug|Any CPU
		{70CC6742-2C71-489C-809B-E53498093A54}.Release|Any CPU.ActiveCfg = Release|Any CPU
		{70CC6742-2C71-489C-809B-E53498093A54}.Release|Any CPU.Build.0 = Release|Any CPU
		{D19A448C-8B9B-446A-B88A-75B6B829FEB8}.Debug|Any CPU.ActiveCfg = Debug|Any CPU
		{D19A448C-8B9B-446A-B88A-75B6B829FEB8}.Debug|Any CPU.Build.0 = Debug|Any CPU
		{D19A448C-8B9B-446A-B88A-75B6B829FEB8}.Release|Any CPU.ActiveCfg = Release|Any CPU
		{D19A448C-8B9B-446A-B88A-75B6B829FEB8}.Release|Any CPU.Build.0 = Release|Any CPU
		{50CC470D-5509-4E10-9C74-E365C88E7383}.Debug|Any CPU.ActiveCfg = Debug|Any CPU
		{50CC470D-5509-4E10-9C74-E365C88E7383}.Debug|Any CPU.Build.0 = Debug|Any CPU
		{50CC470D-5509-4E10-9C74-E365C88E7383}.Release|Any CPU.ActiveCfg = Release|Any CPU
		{50CC470D-5509-4E10-9C74-E365C88E7383}.Release|Any CPU.Build.0 = Release|Any CPU
	EndGlobalSection
	GlobalSection(SolutionProperties) = preSolution
		HideSolutionNode = FALSE
	EndGlobalSection
EndGlobal
